PODS:
  - Flutter (1.0.0)
  - flutter_keyboard_visibility (0.0.1):
    - Flutter
  - Masonry (1.1.0)
  - mini_game_view (0.0.1):
    - Flutter
    - Masonry (= 1.1.0)
    - SudMGP_Lite (= 1.3.8)
    - SudMGPWrapper_Lite (= 1.3.8)
  - MJExtension (3.4.1)
  - SudMGP_Lite (1.3.8)
  - SudMGPWrapper_Lite (1.3.8):
    - MJExtension (~> 3.4.1)
    - SudMGP_Lite (~> 1.3.8)

DEPENDENCIES:
  - Flutter (from `Flutter`)
  - flutter_keyboard_visibility (from `.symlinks/plugins/flutter_keyboard_visibility/ios`)
  - mini_game_view (from `.symlinks/plugins/mini_game_view/ios`)

SPEC REPOS:
  trunk:
    - Masonry
    - MJExtension
    - SudMGP_Lite
    - SudMGPWrapper_Lite

EXTERNAL SOURCES:
  Flutter:
    :path: Flutter
  flutter_keyboard_visibility:
    :path: ".symlinks/plugins/flutter_keyboard_visibility/ios"
  mini_game_view:
    :path: ".symlinks/plugins/mini_game_view/ios"

SPEC CHECKSUMS:
  Flutter: f04841e97a9d0b0a8025694d0796dd46242b2854
  flutter_keyboard_visibility: 0339d06371254c3eb25eeb90ba8d17dca8f9c069
  Masonry: 678fab65091a9290e40e2832a55e7ab731aad201
  mini_game_view: 1a7be8d122cd84e49f619714b93e49bca8012782
  MJExtension: 21c5f6f8c4d5d8844b7ae8fbae08fed0b501f961
  SudMGP_Lite: 68a2089123c8d610f15609b8fff37548829e590b
  SudMGPWrapper_Lite: e68f549fd2be44f82092ad4ae3180d73c1f5a645

PODFILE CHECKSUM: 1f93d1071281e3796a30778d97735574e433bc14

COCOAPODS: 1.15.2
